// !$*UTF8*$!
{
	archiveVersion = 1;
	classes = {
	};
	objectVersion = 51;
	objects = {

/* Begin PBXBuildFile section */
		B9E4FD7025E396960029EB49 /* AppDelegate.swift in Sources */ = {isa = PBXBuildFile; fileRef = B9E4FD6F25E396960029EB49 /* AppDelegate.swift */; };
		B9E4FD7225E396960029EB49 /* SceneDelegate.swift in Sources */ = {isa = PBXBuildFile; fileRef = B9E4FD7125E396960029EB49 /* SceneDelegate.swift */; };
		B9E4FD7425E396960029EB49 /* HomeViewController.swift in Sources */ = {isa = PBXBuildFile; fileRef = B9E4FD7325E396960029EB49 /* HomeViewController.swift */; };
		B9E4FD7925E3969A0029EB49 /* Assets.xcassets in Resources */ = {isa = PBXBuildFile; fileRef = B9E4FD7825E3969A0029EB49 /* Assets.xcassets */; };
		B9E4FD7C25E3969A0029EB49 /* LaunchScreen.storyboard in Resources */ = {isa = PBXBuildFile; fileRef = B9E4FD7A25E3969A0029EB49 /* LaunchScreen.storyboard */; };
		B9E4FD8C25E398100029EB49 /* HomeViewController.xib in Resources */ = {isa = PBXBuildFile; fileRef = B9E4FD8B25E398100029EB49 /* HomeViewController.xib */; };
		B9E4FD9725E39AFD0029EB49 /* Coordinator.swift in Sources */ = {isa = PBXBuildFile; fileRef = B9E4FD9625E39AFD0029EB49 /* Coordinator.swift */; };
		B9E4FD9B25E39B3F0029EB49 /* AppCoordinator.swift in Sources */ = {isa = PBXBuildFile; fileRef = B9E4FD9A25E39B3F0029EB49 /* AppCoordinator.swift */; };
		B9E4FD9E25E39C8D0029EB49 /* HomeCoordinator.swift in Sources */ = {isa = PBXBuildFile; fileRef = B9E4FD9D25E39C8D0029EB49 /* HomeCoordinator.swift */; };
		B9E4FDA825E3A78D0029EB49 /* Services.swift in Sources */ = {isa = PBXBuildFile; fileRef = B9E4FDA725E3A78D0029EB49 /* Services.swift */; };
		B9E4FDAC25E3A7BC0029EB49 /* ApiServices.swift in Sources */ = {isa = PBXBuildFile; fileRef = B9E4FDAB25E3A7BC0029EB49 /* ApiServices.swift */; };
		B9E4FDAF25E3A7DB0029EB49 /* MovieApi.swift in Sources */ = {isa = PBXBuildFile; fileRef = B9E4FDAE25E3A7DB0029EB49 /* MovieApi.swift */; };
		B9E4FDB325E3AEE70029EB49 /* Film.swift in Sources */ = {isa = PBXBuildFile; fileRef = B9E4FDB225E3AEE70029EB49 /* Film.swift */; };
		B9E4FDB725E3B6930029EB49 /* HomeViewModel.swift in Sources */ = {isa = PBXBuildFile; fileRef = B9E4FDB625E3B6930029EB49 /* HomeViewModel.swift */; };
		B9E4FDC425E3BDBA0029EB49 /* FilmCollectionViewCell.swift in Sources */ = {isa = PBXBuildFile; fileRef = B9E4FDC225E3BDBA0029EB49 /* FilmCollectionViewCell.swift */; };
		B9E4FDC525E3BDBA0029EB49 /* FilmCollectionViewCell.xib in Resources */ = {isa = PBXBuildFile; fileRef = B9E4FDC325E3BDBA0029EB49 /* FilmCollectionViewCell.xib */; };
		B9E4FDC925E3BDC60029EB49 /* Reusable.swift in Sources */ = {isa = PBXBuildFile; fileRef = B9E4FDC825E3BDC60029EB49 /* Reusable.swift */; };
		B9E4FDCC25E3C29C0029EB49 /* Section.swift in Sources */ = {isa = PBXBuildFile; fileRef = B9E4FDCB25E3C29C0029EB49 /* Section.swift */; };
		B9E4FDCF25E3C35A0029EB49 /* HeaderView.swift in Sources */ = {isa = PBXBuildFile; fileRef = B9E4FDCE25E3C35A0029EB49 /* HeaderView.swift */; };
		B9E4FDD525E3F1650029EB49 /* FilmViewModel.swift in Sources */ = {isa = PBXBuildFile; fileRef = B9E4FDD425E3F1650029EB49 /* FilmViewModel.swift */; };
		B9E4FDE825E3FFFC0029EB49 /* Pin+UIView.swift in Sources */ = {isa = PBXBuildFile; fileRef = B9E4FDE725E3FFFC0029EB49 /* Pin+UIView.swift */; };
		B9E4FDF325E4E4F30029EB49 /* Genre.swift in Sources */ = {isa = PBXBuildFile; fileRef = B9E4FDF225E4E4F30029EB49 /* Genre.swift */; };
		B9E4FDF725E4EA0E0029EB49 /* GenreCollectionViewCell.swift in Sources */ = {isa = PBXBuildFile; fileRef = B9E4FDF525E4EA0E0029EB49 /* GenreCollectionViewCell.swift */; };
		B9E4FDF825E4EA0E0029EB49 /* GenreCollectionViewCell.xib in Resources */ = {isa = PBXBuildFile; fileRef = B9E4FDF625E4EA0E0029EB49 /* GenreCollectionViewCell.xib */; };
		F8AD9950A0DD2F6B48913CE0 /* Pods_iMovies.framework in Frameworks */ = {isa = PBXBuildFile; fileRef = 147BBE2E5B92CED8A6329807 /* Pods_iMovies.framework */; };
/* End PBXBuildFile section */

/* Begin PBXFileReference section */
		147BBE2E5B92CED8A6329807 /* Pods_iMovies.framework */ = {isa = PBXFileReference; explicitFileType = wrapper.framework; includeInIndex = 0; path = Pods_iMovies.framework; sourceTree = BUILT_PRODUCTS_DIR; };
		B9E4FD6C25E396960029EB49 /* iMovies.app */ = {isa = PBXFileReference; explicitFileType = wrapper.application; includeInIndex = 0; path = iMovies.app; sourceTree = BUILT_PRODUCTS_DIR; };
		B9E4FD6F25E396960029EB49 /* AppDelegate.swift */ = {isa = PBXFileReference; lastKnownFileType = sourcecode.swift; path = AppDelegate.swift; sourceTree = "<group>"; };
		B9E4FD7125E396960029EB49 /* SceneDelegate.swift */ = {isa = PBXFileReference; lastKnownFileType = sourcecode.swift; path = SceneDelegate.swift; sourceTree = "<group>"; };
		B9E4FD7325E396960029EB49 /* HomeViewController.swift */ = {isa = PBXFileReference; lastKnownFileType = sourcecode.swift; path = HomeViewController.swift; sourceTree = "<group>"; };
		B9E4FD7825E3969A0029EB49 /* Assets.xcassets */ = {isa = PBXFileReference; lastKnownFileType = folder.assetcatalog; path = Assets.xcassets; sourceTree = "<group>"; };
		B9E4FD7B25E3969A0029EB49 /* Base */ = {isa = PBXFileReference; lastKnownFileType = file.storyboard; name = Base; path = Base.lproj/LaunchScreen.storyboard; sourceTree = "<group>"; };
		B9E4FD7D25E3969A0029EB49 /* Info.plist */ = {isa = PBXFileReference; lastKnownFileType = text.plist.xml; path = Info.plist; sourceTree = "<group>"; };
		B9E4FD8B25E398100029EB49 /* HomeViewController.xib */ = {isa = PBXFileReference; lastKnownFileType = file.xib; path = HomeViewController.xib; sourceTree = "<group>"; };
		B9E4FD9625E39AFD0029EB49 /* Coordinator.swift */ = {isa = PBXFileReference; lastKnownFileType = sourcecode.swift; path = Coordinator.swift; sourceTree = "<group>"; };
		B9E4FD9A25E39B3F0029EB49 /* AppCoordinator.swift */ = {isa = PBXFileReference; lastKnownFileType = sourcecode.swift; path = AppCoordinator.swift; sourceTree = "<group>"; };
		B9E4FD9D25E39C8D0029EB49 /* HomeCoordinator.swift */ = {isa = PBXFileReference; lastKnownFileType = sourcecode.swift; path = HomeCoordinator.swift; sourceTree = "<group>"; };
		B9E4FDA725E3A78D0029EB49 /* Services.swift */ = {isa = PBXFileReference; lastKnownFileType = sourcecode.swift; path = Services.swift; sourceTree = "<group>"; };
		B9E4FDAB25E3A7BC0029EB49 /* ApiServices.swift */ = {isa = PBXFileReference; lastKnownFileType = sourcecode.swift; path = ApiServices.swift; sourceTree = "<group>"; };
		B9E4FDAE25E3A7DB0029EB49 /* MovieApi.swift */ = {isa = PBXFileReference; lastKnownFileType = sourcecode.swift; path = MovieApi.swift; sourceTree = "<group>"; };
		B9E4FDB225E3AEE70029EB49 /* Film.swift */ = {isa = PBXFileReference; lastKnownFileType = sourcecode.swift; path = Film.swift; sourceTree = "<group>"; };
		B9E4FDB625E3B6930029EB49 /* HomeViewModel.swift */ = {isa = PBXFileReference; lastKnownFileType = sourcecode.swift; path = HomeViewModel.swift; sourceTree = "<group>"; };
		B9E4FDC225E3BDBA0029EB49 /* FilmCollectionViewCell.swift */ = {isa = PBXFileReference; lastKnownFileType = sourcecode.swift; path = FilmCollectionViewCell.swift; sourceTree = "<group>"; };
		B9E4FDC325E3BDBA0029EB49 /* FilmCollectionViewCell.xib */ = {isa = PBXFileReference; lastKnownFileType = file.xib; path = FilmCollectionViewCell.xib; sourceTree = "<group>"; };
		B9E4FDC825E3BDC60029EB49 /* Reusable.swift */ = {isa = PBXFileReference; lastKnownFileType = sourcecode.swift; path = Reusable.swift; sourceTree = "<group>"; };
		B9E4FDCB25E3C29C0029EB49 /* Section.swift */ = {isa = PBXFileReference; lastKnownFileType = sourcecode.swift; path = Section.swift; sourceTree = "<group>"; };
		B9E4FDCE25E3C35A0029EB49 /* HeaderView.swift */ = {isa = PBXFileReference; lastKnownFileType = sourcecode.swift; path = HeaderView.swift; sourceTree = "<group>"; };
		B9E4FDD425E3F1650029EB49 /* FilmViewModel.swift */ = {isa = PBXFileReference; lastKnownFileType = sourcecode.swift; path = FilmViewModel.swift; sourceTree = "<group>"; };
		B9E4FDE725E3FFFC0029EB49 /* Pin+UIView.swift */ = {isa = PBXFileReference; lastKnownFileType = sourcecode.swift; path = "Pin+UIView.swift"; sourceTree = "<group>"; };
		B9E4FDF225E4E4F30029EB49 /* Genre.swift */ = {isa = PBXFileReference; lastKnownFileType = sourcecode.swift; path = Genre.swift; sourceTree = "<group>"; };
		B9E4FDF525E4EA0E0029EB49 /* GenreCollectionViewCell.swift */ = {isa = PBXFileReference; lastKnownFileType = sourcecode.swift; path = GenreCollectionViewCell.swift; sourceTree = "<group>"; };
		B9E4FDF625E4EA0E0029EB49 /* GenreCollectionViewCell.xib */ = {isa = PBXFileReference; lastKnownFileType = file.xib; path = GenreCollectionViewCell.xib; sourceTree = "<group>"; };
		EA6CB40E472F8E5EC346B8E6 /* Pods-iMovies.debug.xcconfig */ = {isa = PBXFileReference; includeInIndex = 1; lastKnownFileType = text.xcconfig; name = "Pods-iMovies.debug.xcconfig"; path = "Target Support Files/Pods-iMovies/Pods-iMovies.debug.xcconfig"; sourceTree = "<group>"; };
		F506EB9F77CE94C9B3E119A5 /* Pods-iMovies.release.xcconfig */ = {isa = PBXFileReference; includeInIndex = 1; lastKnownFileType = text.xcconfig; name = "Pods-iMovies.release.xcconfig"; path = "Target Support Files/Pods-iMovies/Pods-iMovies.release.xcconfig"; sourceTree = "<group>"; };
/* End PBXFileReference section */

/* Begin PBXFrameworksBuildPhase section */
		B9E4FD6925E396960029EB49 /* Frameworks */ = {
			isa = PBXFrameworksBuildPhase;
			buildActionMask = 2147483647;
			files = (
				F8AD9950A0DD2F6B48913CE0 /* Pods_iMovies.framework in Frameworks */,
			);
			runOnlyForDeploymentPostprocessing = 0;
		};
/* End PBXFrameworksBuildPhase section */

/* Begin PBXGroup section */
		B9E4FD6325E396960029EB49 = {
			isa = PBXGroup;
			children = (
				B9E4FD6E25E396960029EB49 /* iMovies */,
				B9E4FD6D25E396960029EB49 /* Products */,
				CAE7484B1FBFE289A3B2775B /* Pods */,
				C16AA8482247D9ECFC5C0A5E /* Frameworks */,
			);
			sourceTree = "<group>";
		};
		B9E4FD6D25E396960029EB49 /* Products */ = {
			isa = PBXGroup;
			children = (
				B9E4FD6C25E396960029EB49 /* iMovies.app */,
			);
			name = Products;
			sourceTree = "<group>";
		};
		B9E4FD6E25E396960029EB49 /* iMovies */ = {
			isa = PBXGroup;
			children = (
				B9E4FDE625E3FFEA0029EB49 /* Extensions */,
				B9E4FDD325E3F1520029EB49 /* ViewModels */,
				B9E4FD8525E396B30029EB49 /* Application */,
				B9E4FD9525E39AE50029EB49 /* Coordinator */,
				B9E4FDB125E3AED50029EB49 /* Models */,
				B9E4FDA625E3A7750029EB49 /* Protocols */,
				B9E4FD8625E396BD0029EB49 /* Resources */,
				B9E4FD8425E396AC0029EB49 /* Scene */,
				B9E4FDAA25E3A7A20029EB49 /* Services */,
				B9E4FD8725E396C80029EB49 /* Storyboard */,
			);
			path = iMovies;
			sourceTree = "<group>";
		};
		B9E4FD8425E396AC0029EB49 /* Scene */ = {
			isa = PBXGroup;
			children = (
				B9E4FD8A25E397F80029EB49 /* Home */,
			);
			path = Scene;
			sourceTree = "<group>";
		};
		B9E4FD8525E396B30029EB49 /* Application */ = {
			isa = PBXGroup;
			children = (
				B9E4FD7D25E3969A0029EB49 /* Info.plist */,
				B9E4FD7125E396960029EB49 /* SceneDelegate.swift */,
				B9E4FD6F25E396960029EB49 /* AppDelegate.swift */,
			);
			path = Application;
			sourceTree = "<group>";
		};
		B9E4FD8625E396BD0029EB49 /* Resources */ = {
			isa = PBXGroup;
			children = (
				B9E4FD7825E3969A0029EB49 /* Assets.xcassets */,
			);
			path = Resources;
			sourceTree = "<group>";
		};
		B9E4FD8725E396C80029EB49 /* Storyboard */ = {
			isa = PBXGroup;
			children = (
				B9E4FD7A25E3969A0029EB49 /* LaunchScreen.storyboard */,
			);
			path = Storyboard;
			sourceTree = "<group>";
		};
		B9E4FD8A25E397F80029EB49 /* Home */ = {
			isa = PBXGroup;
			children = (
				B9E4FDC125E3BDA60029EB49 /* Cell */,
				B9E4FD7325E396960029EB49 /* HomeViewController.swift */,
				B9E4FD8B25E398100029EB49 /* HomeViewController.xib */,
				B9E4FD9D25E39C8D0029EB49 /* HomeCoordinator.swift */,
				B9E4FDB625E3B6930029EB49 /* HomeViewModel.swift */,
				B9E4FDCE25E3C35A0029EB49 /* HeaderView.swift */,
			);
			path = Home;
			sourceTree = "<group>";
		};
		B9E4FD9525E39AE50029EB49 /* Coordinator */ = {
			isa = PBXGroup;
			children = (
				B9E4FD9625E39AFD0029EB49 /* Coordinator.swift */,
				B9E4FD9A25E39B3F0029EB49 /* AppCoordinator.swift */,
			);
			path = Coordinator;
			sourceTree = "<group>";
		};
		B9E4FDA625E3A7750029EB49 /* Protocols */ = {
			isa = PBXGroup;
			children = (
				B9E4FDA725E3A78D0029EB49 /* Services.swift */,
				B9E4FDC825E3BDC60029EB49 /* Reusable.swift */,
			);
			path = Protocols;
			sourceTree = "<group>";
		};
		B9E4FDAA25E3A7A20029EB49 /* Services */ = {
			isa = PBXGroup;
			children = (
				B9E4FDAB25E3A7BC0029EB49 /* ApiServices.swift */,
				B9E4FDAE25E3A7DB0029EB49 /* MovieApi.swift */,
			);
			path = Services;
			sourceTree = "<group>";
		};
		B9E4FDB125E3AED50029EB49 /* Models */ = {
			isa = PBXGroup;
			children = (
				B9E4FDB225E3AEE70029EB49 /* Film.swift */,
				B9E4FDCB25E3C29C0029EB49 /* Section.swift */,
				B9E4FDF225E4E4F30029EB49 /* Genre.swift */,
			);
			path = Models;
			sourceTree = "<group>";
		};
		B9E4FDC125E3BDA60029EB49 /* Cell */ = {
			isa = PBXGroup;
			children = (
				B9E4FDC225E3BDBA0029EB49 /* FilmCollectionViewCell.swift */,
				B9E4FDC325E3BDBA0029EB49 /* FilmCollectionViewCell.xib */,
				B9E4FDF525E4EA0E0029EB49 /* GenreCollectionViewCell.swift */,
				B9E4FDF625E4EA0E0029EB49 /* GenreCollectionViewCell.xib */,
			);
			path = Cell;
			sourceTree = "<group>";
		};
		B9E4FDD325E3F1520029EB49 /* ViewModels */ = {
			isa = PBXGroup;
			children = (
				B9E4FDD425E3F1650029EB49 /* FilmViewModel.swift */,
			);
			path = ViewModels;
			sourceTree = "<group>";
		};
		B9E4FDE625E3FFEA0029EB49 /* Extensions */ = {
			isa = PBXGroup;
			children = (
				B9E4FDE725E3FFFC0029EB49 /* Pin+UIView.swift */,
			);
			path = Extensions;
			sourceTree = "<group>";
		};
		C16AA8482247D9ECFC5C0A5E /* Frameworks */ = {
			isa = PBXGroup;
			children = (
				147BBE2E5B92CED8A6329807 /* Pods_iMovies.framework */,
			);
			name = Frameworks;
			sourceTree = "<group>";
		};
		CAE7484B1FBFE289A3B2775B /* Pods */ = {
			isa = PBXGroup;
			children = (
				EA6CB40E472F8E5EC346B8E6 /* Pods-iMovies.debug.xcconfig */,
				F506EB9F77CE94C9B3E119A5 /* Pods-iMovies.release.xcconfig */,
			);
			path = Pods;
			sourceTree = "<group>";
		};
/* End PBXGroup section */

/* Begin PBXNativeTarget section */
		B9E4FD6B25E396960029EB49 /* iMovies */ = {
			isa = PBXNativeTarget;
			buildConfigurationList = B9E4FD8025E3969A0029EB49 /* Build configuration list for PBXNativeTarget "iMovies" */;
			buildPhases = (
				6DD22666689B0DFEFCE571A2 /* [CP] Check Pods Manifest.lock */,
				B9E4FD9325E39A170029EB49 /* SwiftLint */,
				B9E4FD6825E396960029EB49 /* Sources */,
				B9E4FD6925E396960029EB49 /* Frameworks */,
				B9E4FD6A25E396960029EB49 /* Resources */,
				F2B903D93667E9347CF7E3B6 /* [CP] Embed Pods Frameworks */,
			);
			buildRules = (
			);
			dependencies = (
			);
			name = iMovies;
			productName = iMovies;
			productReference = B9E4FD6C25E396960029EB49 /* iMovies.app */;
			productType = "com.apple.product-type.application";
		};
/* End PBXNativeTarget section */

/* Begin PBXProject section */
		B9E4FD6425E396960029EB49 /* Project object */ = {
			isa = PBXProject;
			attributes = {
				LastSwiftUpdateCheck = 1240;
				LastUpgradeCheck = 1240;
				TargetAttributes = {
					B9E4FD6B25E396960029EB49 = {
						CreatedOnToolsVersion = 12.4;
					};
				};
			};
			buildConfigurationList = B9E4FD6725E396960029EB49 /* Build configuration list for PBXProject "iMovies" */;
			compatibilityVersion = "Xcode 9.3";
			developmentRegion = en;
			hasScannedForEncodings = 0;
			knownRegions = (
				en,
				Base,
			);
			mainGroup = B9E4FD6325E396960029EB49;
			productRefGroup = B9E4FD6D25E396960029EB49 /* Products */;
			projectDirPath = "";
			projectRoot = "";
			targets = (
				B9E4FD6B25E396960029EB49 /* iMovies */,
			);
		};
/* End PBXProject section */

/* Begin PBXResourcesBuildPhase section */
		B9E4FD6A25E396960029EB49 /* Resources */ = {
			isa = PBXResourcesBuildPhase;
			buildActionMask = 2147483647;
			files = (
				B9E4FD7C25E3969A0029EB49 /* LaunchScreen.storyboard in Resources */,
				B9E4FD7925E3969A0029EB49 /* Assets.xcassets in Resources */,
				B9E4FDF825E4EA0E0029EB49 /* GenreCollectionViewCell.xib in Resources */,
				B9E4FDC525E3BDBA0029EB49 /* FilmCollectionViewCell.xib in Resources */,
				B9E4FD8C25E398100029EB49 /* HomeViewController.xib in Resources */,
			);
			runOnlyForDeploymentPostprocessing = 0;
		};
/* End PBXResourcesBuildPhase section */

/* Begin PBXShellScriptBuildPhase section */
		6DD22666689B0DFEFCE571A2 /* [CP] Check Pods Manifest.lock */ = {
			isa = PBXShellScriptBuildPhase;
			buildActionMask = 2147483647;
			files = (
			);
			inputFileListPaths = (
			);
			inputPaths = (
				"${PODS_PODFILE_DIR_PATH}/Podfile.lock",
				"${PODS_ROOT}/Manifest.lock",
			);
			name = "[CP] Check Pods Manifest.lock";
			outputFileListPaths = (
			);
			outputPaths = (
				"$(DERIVED_FILE_DIR)/Pods-iMovies-checkManifestLockResult.txt",
			);
			runOnlyForDeploymentPostprocessing = 0;
			shellPath = /bin/sh;
			shellScript = "diff \"${PODS_PODFILE_DIR_PATH}/Podfile.lock\" \"${PODS_ROOT}/Manifest.lock\" > /dev/null\nif [ $? != 0 ] ; then\n    # print error to STDERR\n    echo \"error: The sandbox is not in sync with the Podfile.lock. Run 'pod install' or update your CocoaPods installation.\" >&2\n    exit 1\nfi\n# This output is used by Xcode 'outputs' to avoid re-running this script phase.\necho \"SUCCESS\" > \"${SCRIPT_OUTPUT_FILE_0}\"\n";
			showEnvVarsInLog = 0;
		};
		B9E4FD9325E39A170029EB49 /* SwiftLint */ = {
			isa = PBXShellScriptBuildPhase;
			buildActionMask = 2147483647;
			files = (
			);
			inputFileListPaths = (
			);
			inputPaths = (
			);
			name = SwiftLint;
			outputFileListPaths = (
			);
			outputPaths = (
			);
			runOnlyForDeploymentPostprocessing = 0;
			shellPath = /bin/sh;
			shellScript = "if which swiftlint >/dev/null; then\n  swiftlint\nelse\n  echo \"warning: SwiftLint not installed, download from https://github.com/realm/SwiftLint\"\nfi\n# Type a script or drag a script file from your workspace to insert its path.\n";
		};
		F2B903D93667E9347CF7E3B6 /* [CP] Embed Pods Frameworks */ = {
			isa = PBXShellScriptBuildPhase;
			buildActionMask = 2147483647;
			files = (
			);
			inputFileListPaths = (
				"${PODS_ROOT}/Target Support Files/Pods-iMovies/Pods-iMovies-frameworks-${CONFIGURATION}-input-files.xcfilelist",
			);
			name = "[CP] Embed Pods Frameworks";
			outputFileListPaths = (
				"${PODS_ROOT}/Target Support Files/Pods-iMovies/Pods-iMovies-frameworks-${CONFIGURATION}-output-files.xcfilelist",
			);
			runOnlyForDeploymentPostprocessing = 0;
			shellPath = /bin/sh;
			shellScript = "\"${PODS_ROOT}/Target Support Files/Pods-iMovies/Pods-iMovies-frameworks.sh\"\n";
			showEnvVarsInLog = 0;
		};
/* End PBXShellScriptBuildPhase section */

/* Begin PBXSourcesBuildPhase section */
		B9E4FD6825E396960029EB49 /* Sources */ = {
			isa = PBXSourcesBuildPhase;
			buildActionMask = 2147483647;
			files = (
				B9E4FD9725E39AFD0029EB49 /* Coordinator.swift in Sources */,
				B9E4FDB725E3B6930029EB49 /* HomeViewModel.swift in Sources */,
				B9E4FDD525E3F1650029EB49 /* FilmViewModel.swift in Sources */,
				B9E4FD7425E396960029EB49 /* HomeViewController.swift in Sources */,
				B9E4FDCC25E3C29C0029EB49 /* Section.swift in Sources */,
				B9E4FD9B25E39B3F0029EB49 /* AppCoordinator.swift in Sources */,
				B9E4FDAC25E3A7BC0029EB49 /* ApiServices.swift in Sources */,
				B9E4FDA825E3A78D0029EB49 /* Services.swift in Sources */,
				B9E4FDC925E3BDC60029EB49 /* Reusable.swift in Sources */,
				B9E4FDF325E4E4F30029EB49 /* Genre.swift in Sources */,
				B9E4FDE825E3FFFC0029EB49 /* Pin+UIView.swift in Sources */,
				B9E4FDC425E3BDBA0029EB49 /* FilmCollectionViewCell.swift in Sources */,
				B9E4FDF725E4EA0E0029EB49 /* GenreCollectionViewCell.swift in Sources */,
				B9E4FDB325E3AEE70029EB49 /* Film.swift in Sources */,
				B9E4FDCF25E3C35A0029EB49 /* HeaderView.swift in Sources */,
				B9E4FD7025E396960029EB49 /* AppDelegate.swift in Sources */,
				B9E4FDAF25E3A7DB0029EB49 /* MovieApi.swift in Sources */,
				B9E4FD7225E396960029EB49 /* SceneDelegate.swift in Sources */,
				B9E4FD9E25E39C8D0029EB49 /* HomeCoordinator.swift in Sources */,
			);
			runOnlyForDeploymentPostprocessing = 0;
		};
/* End PBXSourcesBuildPhase section */

/* Begin PBXVariantGroup section */
		B9E4FD7A25E3969A0029EB49 /* LaunchScreen.storyboard */ = {
			isa = PBXVariantGroup;
			children = (
				B9E4FD7B25E3969A0029EB49 /* Base */,
			);
			name = LaunchScreen.storyboard;
			sourceTree = "<group>";
		};
/* End PBXVariantGroup section */

/* Begin XCBuildConfiguration section */
		B9E4FD7E25E3969A0029EB49 /* Debug */ = {
			isa = XCBuildConfiguration;
			buildSettings = {
				ALWAYS_SEARCH_USER_PATHS = NO;
				CLANG_ANALYZER_NONNULL = YES;
				CLANG_ANALYZER_NUMBER_OBJECT_CONVERSION = YES_AGGRESSIVE;
				CLANG_CXX_LANGUAGE_STANDARD = "gnu++14";
				CLANG_CXX_LIBRARY = "libc++";
				CLANG_ENABLE_MODULES = YES;
				CLANG_ENABLE_OBJC_ARC = YES;
				CLANG_ENABLE_OBJC_WEAK = YES;
				CLANG_WARN_BLOCK_CAPTURE_AUTORELEASING = YES;
				CLANG_WARN_BOOL_CONVERSION = YES;
				CLANG_WARN_COMMA = YES;
				CLANG_WARN_CONSTANT_CONVERSION = YES;
				CLANG_WARN_DEPRECATED_OBJC_IMPLEMENTATIONS = YES;
				CLANG_WARN_DIRECT_OBJC_ISA_USAGE = YES_ERROR;
				CLANG_WARN_DOCUMENTATION_COMMENTS = YES;
				CLANG_WARN_EMPTY_BODY = YES;
				CLANG_WARN_ENUM_CONVERSION = YES;
				CLANG_WARN_INFINITE_RECURSION = YES;
				CLANG_WARN_INT_CONVERSION = YES;
				CLANG_WARN_NON_LITERAL_NULL_CONVERSION = YES;
				CLANG_WARN_OBJC_IMPLICIT_RETAIN_SELF = YES;
				CLANG_WARN_OBJC_LITERAL_CONVERSION = YES;
				CLANG_WARN_OBJC_ROOT_CLASS = YES_ERROR;
				CLANG_WARN_QUOTED_INCLUDE_IN_FRAMEWORK_HEADER = YES;
				CLANG_WARN_RANGE_LOOP_ANALYSIS = YES;
				CLANG_WARN_STRICT_PROTOTYPES = YES;
				CLANG_WARN_SUSPICIOUS_MOVE = YES;
				CLANG_WARN_UNGUARDED_AVAILABILITY = YES_AGGRESSIVE;
				CLANG_WARN_UNREACHABLE_CODE = YES;
				CLANG_WARN__DUPLICATE_METHOD_MATCH = YES;
				COPY_PHASE_STRIP = NO;
				DEBUG_INFORMATION_FORMAT = dwarf;
				ENABLE_STRICT_OBJC_MSGSEND = YES;
				ENABLE_TESTABILITY = YES;
				GCC_C_LANGUAGE_STANDARD = gnu11;
				GCC_DYNAMIC_NO_PIC = NO;
				GCC_NO_COMMON_BLOCKS = YES;
				GCC_OPTIMIZATION_LEVEL = 0;
				GCC_PREPROCESSOR_DEFINITIONS = (
					"DEBUG=1",
					"$(inherited)",
				);
				GCC_WARN_64_TO_32_BIT_CONVERSION = YES;
				GCC_WARN_ABOUT_RETURN_TYPE = YES_ERROR;
				GCC_WARN_UNDECLARED_SELECTOR = YES;
				GCC_WARN_UNINITIALIZED_AUTOS = YES_AGGRESSIVE;
				GCC_WARN_UNUSED_FUNCTION = YES;
				GCC_WARN_UNUSED_VARIABLE = YES;
				IPHONEOS_DEPLOYMENT_TARGET = 14.4;
				MTL_ENABLE_DEBUG_INFO = INCLUDE_SOURCE;
				MTL_FAST_MATH = YES;
				ONLY_ACTIVE_ARCH = YES;
				SDKROOT = iphoneos;
				SWIFT_ACTIVE_COMPILATION_CONDITIONS = DEBUG;
				SWIFT_OPTIMIZATION_LEVEL = "-Onone";
			};
			name = Debug;
		};
		B9E4FD7F25E3969A0029EB49 /* Release */ = {
			isa = XCBuildConfiguration;
			buildSettings = {
				ALWAYS_SEARCH_USER_PATHS = NO;
				CLANG_ANALYZER_NONNULL = YES;
				CLANG_ANALYZER_NUMBER_OBJECT_CONVERSION = YES_AGGRESSIVE;
				CLANG_CXX_LANGUAGE_STANDARD = "gnu++14";
				CLANG_CXX_LIBRARY = "libc++";
				CLANG_ENABLE_MODULES = YES;
				CLANG_ENABLE_OBJC_ARC = YES;
				CLANG_ENABLE_OBJC_WEAK = YES;
				CLANG_WARN_BLOCK_CAPTURE_AUTORELEASING = YES;
				CLANG_WARN_BOOL_CONVERSION = YES;
				CLANG_WARN_COMMA = YES;
				CLANG_WARN_CONSTANT_CONVERSION = YES;
				CLANG_WARN_DEPRECATED_OBJC_IMPLEMENTATIONS = YES;
				CLANG_WARN_DIRECT_OBJC_ISA_USAGE = YES_ERROR;
				CLANG_WARN_DOCUMENTATION_COMMENTS = YES;
				CLANG_WARN_EMPTY_BODY = YES;
				CLANG_WARN_ENUM_CONVERSION = YES;
				CLANG_WARN_INFINITE_RECURSION = YES;
				CLANG_WARN_INT_CONVERSION = YES;
				CLANG_WARN_NON_LITERAL_NULL_CONVERSION = YES;
				CLANG_WARN_OBJC_IMPLICIT_RETAIN_SELF = YES;
				CLANG_WARN_OBJC_LITERAL_CONVERSION = YES;
				CLANG_WARN_OBJC_ROOT_CLASS = YES_ERROR;
				CLANG_WARN_QUOTED_INCLUDE_IN_FRAMEWORK_HEADER = YES;
				CLANG_WARN_RANGE_LOOP_ANALYSIS = YES;
				CLANG_WARN_STRICT_PROTOTYPES = YES;
				CLANG_WARN_SUSPICIOUS_MOVE = YES;
				CLANG_WARN_UNGUARDED_AVAILABILITY = YES_AGGRESSIVE;
				CLANG_WARN_UNREACHABLE_CODE = YES;
				CLANG_WARN__DUPLICATE_METHOD_MATCH = YES;
				COPY_PHASE_STRIP = NO;
				DEBUG_INFORMATION_FORMAT = "dwarf-with-dsym";
				ENABLE_NS_ASSERTIONS = NO;
				ENABLE_STRICT_OBJC_MSGSEND = YES;
				GCC_C_LANGUAGE_STANDARD = gnu11;
				GCC_NO_COMMON_BLOCKS = YES;
				GCC_WARN_64_TO_32_BIT_CONVERSION = YES;
				GCC_WARN_ABOUT_RETURN_TYPE = YES_ERROR;
				GCC_WARN_UNDECLARED_SELECTOR = YES;
				GCC_WARN_UNINITIALIZED_AUTOS = YES_AGGRESSIVE;
				GCC_WARN_UNUSED_FUNCTION = YES;
				GCC_WARN_UNUSED_VARIABLE = YES;
				IPHONEOS_DEPLOYMENT_TARGET = 14.4;
				MTL_ENABLE_DEBUG_INFO = NO;
				MTL_FAST_MATH = YES;
				SDKROOT = iphoneos;
				SWIFT_COMPILATION_MODE = wholemodule;
				SWIFT_OPTIMIZATION_LEVEL = "-O";
				VALIDATE_PRODUCT = YES;
			};
			name = Release;
		};
		B9E4FD8125E3969A0029EB49 /* Debug */ = {
			isa = XCBuildConfiguration;
			baseConfigurationReference = EA6CB40E472F8E5EC346B8E6 /* Pods-iMovies.debug.xcconfig */;
			buildSettings = {
				ASSETCATALOG_COMPILER_APPICON_NAME = AppIcon;
				ASSETCATALOG_COMPILER_GLOBAL_ACCENT_COLOR_NAME = AccentColor;
				CODE_SIGN_STYLE = Automatic;
				INFOPLIST_FILE = iMovies/Application/Info.plist;
				LD_RUNPATH_SEARCH_PATHS = (
					"$(inherited)",
					"@executable_path/Frameworks",
				);
				PRODUCT_BUNDLE_IDENTIFIER = it.barberi.srl.iMovies;
				PRODUCT_NAME = "$(TARGET_NAME)";
				SWIFT_VERSION = 5.0;
				TARGETED_DEVICE_FAMILY = "1,2";
			};
			name = Debug;
		};
		B9E4FD8225E3969A0029EB49 /* Release */ = {
			isa = XCBuildConfiguration;
			baseConfigurationReference = F506EB9F77CE94C9B3E119A5 /* Pods-iMovies.release.xcconfig */;
			buildSettings = {
				ASSETCATALOG_COMPILER_APPICON_NAME = AppIcon;
				ASSETCATALOG_COMPILER_GLOBAL_ACCENT_COLOR_NAME = AccentColor;
				CODE_SIGN_STYLE = Automatic;
				INFOPLIST_FILE = iMovies/Application/Info.plist;
				LD_RUNPATH_SEARCH_PATHS = (
					"$(inherited)",
					"@executable_path/Frameworks",
				);
				PRODUCT_BUNDLE_IDENTIFIER = it.barberi.srl.iMovies;
				PRODUCT_NAME = "$(TARGET_NAME)";
				SWIFT_VERSION = 5.0;
				TARGETED_DEVICE_FAMILY = "1,2";
			};
			name = Release;
		};
/* End XCBuildConfiguration section */

/* Begin XCConfigurationList section */
		B9E4FD6725E396960029EB49 /* Build configuration list for PBXProject "iMovies" */ = {
			isa = XCConfigurationList;
			buildConfigurations = (
				B9E4FD7E25E3969A0029EB49 /* Debug */,
				B9E4FD7F25E3969A0029EB49 /* Release */,
			);
			defaultConfigurationIsVisible = 0;
			defaultConfigurationName = Release;
		};
		B9E4FD8025E3969A0029EB49 /* Build configuration list for PBXNativeTarget "iMovies" */ = {
			isa = XCConfigurationList;
			buildConfigurations = (
				B9E4FD8125E3969A0029EB49 /* Debug */,
				B9E4FD8225E3969A0029EB49 /* Release */,
			);
			defaultConfigurationIsVisible = 0;
			defaultConfigurationName = Release;
		};
/* End XCConfigurationList section */
	};
	rootObject = B9E4FD6425E396960029EB49 /* Project object */;
}
